
Microsoft Visual Studio Solution File, Format Version 12.00
# Visual Studio Version 17
VisualStudioVersion = 17.0.31903.59
MinimumVisualStudioVersion = 10.0.40219.1
Project("{2150E333-8FDC-42A3-9474-1A3956D46DE8}") = "OTPService", "OTPService", "{6A6E68CF-7B71-4928-9CB7-CB6670E270BC}"
EndProject
Project("{FAE04EC0-301F-11D3-BF4B-00C04F79EFBC}") = "OTPService.Api", "OTPService\OTPService.Api\OTPService.Api.csproj", "{FABA0681-88ED-4E2B-B937-1EE63A696BC0}"
EndProject
Project("{FAE04EC0-301F-11D3-BF4B-00C04F79EFBC}") = "OTPService.Application", "OTPService\OTPService.Application\OTPService.Application.csproj", "{320CFF1C-3DE3-4862-9E5D-C0D9CFA30F08}"
EndProject
Project("{FAE04EC0-301F-11D3-BF4B-00C04F79EFBC}") = "OTPService.Domain", "OTPService\OTPService.Domain\OTPService.Domain.csproj", "{6632365A-E239-4453-8DC9-B33AF5D2F0F9}"
EndProject
Project("{FAE04EC0-301F-11D3-BF4B-00C04F79EFBC}") = "OTPService.Infrastructure", "OTPService\OTPService.Infrastructure\OTPService.Infrastructure.csproj", "{DC46918C-41AF-4A21-A0CB-40BECB8DEBB7}"
EndProject
Project("{2150E333-8FDC-42A3-9474-1A3956D46DE8}") = "NotificationService", "NotificationService", "{643580C1-70D9-4C95-833F-83C2A3CA4EA9}"
EndProject
Project("{FAE04EC0-301F-11D3-BF4B-00C04F79EFBC}") = "NotificationService.Api", "NotificationService\NotificationService.Api\NotificationService.Api.csproj", "{F0D647B3-65FE-425D-991C-F6122560192D}"
EndProject
Project("{FAE04EC0-301F-11D3-BF4B-00C04F79EFBC}") = "NotificationService.Application", "NotificationService\NotificationService.Application\NotificationService.Application.csproj", "{5E152FBC-688E-43B7-A738-909D94F8A1B8}"
EndProject
Project("{FAE04EC0-301F-11D3-BF4B-00C04F79EFBC}") = "NotificationService.Domain", "NotificationService\NotificationService.Domain\NotificationService.Domain.csproj", "{5E771C9A-FB66-4D26-AF11-886395037760}"
EndProject
Project("{FAE04EC0-301F-11D3-BF4B-00C04F79EFBC}") = "NotificationService.Infrastructure", "NotificationService\NotificationService.Infrastructure\NotificationService.Infrastructure.csproj", "{346A260C-058F-4753-A560-B64389D686B8}"
EndProject
Project("{2150E333-8FDC-42A3-9474-1A3956D46DE8}") = "AuthenticationService", "AuthenticationService", "{9B4ADFAE-11C8-4BC4-BD0C-AE9281C073C1}"
EndProject
Project("{FAE04EC0-301F-11D3-BF4B-00C04F79EFBC}") = "AuthenticationService.Api", "AuthenticationService\AuthenticationService.Api\AuthenticationService.Api.csproj", "{70BA3607-A4DF-4992-89DC-70D3F8D2B311}"
EndProject
Project("{FAE04EC0-301F-11D3-BF4B-00C04F79EFBC}") = "AuthenticationService.Application", "AuthenticationService\AuthenticationService.Application\AuthenticationService.Application.csproj", "{A2242761-B9A3-4CB3-A959-01D423C47AE5}"
EndProject
Project("{FAE04EC0-301F-11D3-BF4B-00C04F79EFBC}") = "AuthenticationService.Domain", "AuthenticationService\AuthenticationService.Domain\AuthenticationService.Domain.csproj", "{B59FA675-DE01-40EB-BF42-914E8A9D39FC}"
EndProject
Project("{FAE04EC0-301F-11D3-BF4B-00C04F79EFBC}") = "AuthenticationService.Infrastructure", "AuthenticationService\AuthenticationService.Infrastructure\AuthenticationService.Infrastructure.csproj", "{E0087249-1673-4E62-84DF-6D4626514A9C}"
EndProject
Project("{2150E333-8FDC-42A3-9474-1A3956D46DE8}") = "shared", "shared", "{2B921384-66D7-4D93-964A-E969820616AE}"
EndProject
Project("{FAE04EC0-301F-11D3-BF4B-00C04F79EFBC}") = "CacheService", "shared\CacheService\CacheService.csproj", "{7F11507F-A5CD-45FE-B62A-A0B363ECB303}"
EndProject
Project("{FAE04EC0-301F-11D3-BF4B-00C04F79EFBC}") = "SmsProvider", "shared\SmsProvider\SmsProvider.csproj", "{287C6531-C442-4E3A-8309-041E2FF18D4E}"
EndProject
Global
	GlobalSection(SolutionConfigurationPlatforms) = preSolution
		Debug|Any CPU = Debug|Any CPU
		Release|Any CPU = Release|Any CPU
	EndGlobalSection
	GlobalSection(SolutionProperties) = preSolution
		HideSolutionNode = FALSE
	EndGlobalSection
	GlobalSection(ProjectConfigurationPlatforms) = postSolution
		{FABA0681-88ED-4E2B-B937-1EE63A696BC0}.Debug|Any CPU.ActiveCfg = Debug|Any CPU
		{FABA0681-88ED-4E2B-B937-1EE63A696BC0}.Debug|Any CPU.Build.0 = Debug|Any CPU
		{FABA0681-88ED-4E2B-B937-1EE63A696BC0}.Release|Any CPU.ActiveCfg = Release|Any CPU
		{FABA0681-88ED-4E2B-B937-1EE63A696BC0}.Release|Any CPU.Build.0 = Release|Any CPU
		{320CFF1C-3DE3-4862-9E5D-C0D9CFA30F08}.Debug|Any CPU.ActiveCfg = Debug|Any CPU
		{320CFF1C-3DE3-4862-9E5D-C0D9CFA30F08}.Debug|Any CPU.Build.0 = Debug|Any CPU
		{320CFF1C-3DE3-4862-9E5D-C0D9CFA30F08}.Release|Any CPU.ActiveCfg = Release|Any CPU
		{320CFF1C-3DE3-4862-9E5D-C0D9CFA30F08}.Release|Any CPU.Build.0 = Release|Any CPU
		{6632365A-E239-4453-8DC9-B33AF5D2F0F9}.Debug|Any CPU.ActiveCfg = Debug|Any CPU
		{6632365A-E239-4453-8DC9-B33AF5D2F0F9}.Debug|Any CPU.Build.0 = Debug|Any CPU
		{6632365A-E239-4453-8DC9-B33AF5D2F0F9}.Release|Any CPU.ActiveCfg = Release|Any CPU
		{6632365A-E239-4453-8DC9-B33AF5D2F0F9}.Release|Any CPU.Build.0 = Release|Any CPU
		{DC46918C-41AF-4A21-A0CB-40BECB8DEBB7}.Debug|Any CPU.ActiveCfg = Debug|Any CPU
		{DC46918C-41AF-4A21-A0CB-40BECB8DEBB7}.Debug|Any CPU.Build.0 = Debug|Any CPU
		{DC46918C-41AF-4A21-A0CB-40BECB8DEBB7}.Release|Any CPU.ActiveCfg = Release|Any CPU
		{DC46918C-41AF-4A21-A0CB-40BECB8DEBB7}.Release|Any CPU.Build.0 = Release|Any CPU
		{F0D647B3-65FE-425D-991C-F6122560192D}.Debug|Any CPU.ActiveCfg = Debug|Any CPU
		{F0D647B3-65FE-425D-991C-F6122560192D}.Debug|Any CPU.Build.0 = Debug|Any CPU
		{F0D647B3-65FE-425D-991C-F6122560192D}.Release|Any CPU.ActiveCfg = Release|Any CPU
		{F0D647B3-65FE-425D-991C-F6122560192D}.Release|Any CPU.Build.0 = Release|Any CPU
		{5E152FBC-688E-43B7-A738-909D94F8A1B8}.Debug|Any CPU.ActiveCfg = Debug|Any CPU
		{5E152FBC-688E-43B7-A738-909D94F8A1B8}.Debug|Any CPU.Build.0 = Debug|Any CPU
		{5E152FBC-688E-43B7-A738-909D94F8A1B8}.Release|Any CPU.ActiveCfg = Release|Any CPU
		{5E152FBC-688E-43B7-A738-909D94F8A1B8}.Release|Any CPU.Build.0 = Release|Any CPU
		{5E771C9A-FB66-4D26-AF11-886395037760}.Debug|Any CPU.ActiveCfg = Debug|Any CPU
		{5E771C9A-FB66-4D26-AF11-886395037760}.Debug|Any CPU.Build.0 = Debug|Any CPU
		{5E771C9A-FB66-4D26-AF11-886395037760}.Release|Any CPU.ActiveCfg = Release|Any CPU
		{5E771C9A-FB66-4D26-AF11-886395037760}.Release|Any CPU.Build.0 = Release|Any CPU
		{346A260C-058F-4753-A560-B64389D686B8}.Debug|Any CPU.ActiveCfg = Debug|Any CPU
		{346A260C-058F-4753-A560-B64389D686B8}.Debug|Any CPU.Build.0 = Debug|Any CPU
		{346A260C-058F-4753-A560-B64389D686B8}.Release|Any CPU.ActiveCfg = Release|Any CPU
		{346A260C-058F-4753-A560-B64389D686B8}.Release|Any CPU.Build.0 = Release|Any CPU
		{70BA3607-A4DF-4992-89DC-70D3F8D2B311}.Debug|Any CPU.ActiveCfg = Debug|Any CPU
		{70BA3607-A4DF-4992-89DC-70D3F8D2B311}.Debug|Any CPU.Build.0 = Debug|Any CPU
		{70BA3607-A4DF-4992-89DC-70D3F8D2B311}.Release|Any CPU.ActiveCfg = Release|Any CPU
		{70BA3607-A4DF-4992-89DC-70D3F8D2B311}.Release|Any CPU.Build.0 = Release|Any CPU
		{A2242761-B9A3-4CB3-A959-01D423C47AE5}.Debug|Any CPU.ActiveCfg = Debug|Any CPU
		{A2242761-B9A3-4CB3-A959-01D423C47AE5}.Debug|Any CPU.Build.0 = Debug|Any CPU
		{A2242761-B9A3-4CB3-A959-01D423C47AE5}.Release|Any CPU.ActiveCfg = Release|Any CPU
		{A2242761-B9A3-4CB3-A959-01D423C47AE5}.Release|Any CPU.Build.0 = Release|Any CPU
		{B59FA675-DE01-40EB-BF42-914E8A9D39FC}.Debug|Any CPU.ActiveCfg = Debug|Any CPU
		{B59FA675-DE01-40EB-BF42-914E8A9D39FC}.Debug|Any CPU.Build.0 = Debug|Any CPU
		{B59FA675-DE01-40EB-BF42-914E8A9D39FC}.Release|Any CPU.ActiveCfg = Release|Any CPU
		{B59FA675-DE01-40EB-BF42-914E8A9D39FC}.Release|Any CPU.Build.0 = Release|Any CPU
		{E0087249-1673-4E62-84DF-6D4626514A9C}.Debug|Any CPU.ActiveCfg = Debug|Any CPU
		{E0087249-1673-4E62-84DF-6D4626514A9C}.Debug|Any CPU.Build.0 = Debug|Any CPU
		{E0087249-1673-4E62-84DF-6D4626514A9C}.Release|Any CPU.ActiveCfg = Release|Any CPU
		{E0087249-1673-4E62-84DF-6D4626514A9C}.Release|Any CPU.Build.0 = Release|Any CPU
		{7F11507F-A5CD-45FE-B62A-A0B363ECB303}.Debug|Any CPU.ActiveCfg = Debug|Any CPU
		{7F11507F-A5CD-45FE-B62A-A0B363ECB303}.Debug|Any CPU.Build.0 = Debug|Any CPU
		{7F11507F-A5CD-45FE-B62A-A0B363ECB303}.Release|Any CPU.ActiveCfg = Release|Any CPU
		{7F11507F-A5CD-45FE-B62A-A0B363ECB303}.Release|Any CPU.Build.0 = Release|Any CPU
		{287C6531-C442-4E3A-8309-041E2FF18D4E}.Debug|Any CPU.ActiveCfg = Debug|Any CPU
		{287C6531-C442-4E3A-8309-041E2FF18D4E}.Debug|Any CPU.Build.0 = Debug|Any CPU
		{287C6531-C442-4E3A-8309-041E2FF18D4E}.Release|Any CPU.ActiveCfg = Release|Any CPU
		{287C6531-C442-4E3A-8309-041E2FF18D4E}.Release|Any CPU.Build.0 = Release|Any CPU
	EndGlobalSection
	GlobalSection(NestedProjects) = preSolution
		{FABA0681-88ED-4E2B-B937-1EE63A696BC0} = {6A6E68CF-7B71-4928-9CB7-CB6670E270BC}
		{320CFF1C-3DE3-4862-9E5D-C0D9CFA30F08} = {6A6E68CF-7B71-4928-9CB7-CB6670E270BC}
		{6632365A-E239-4453-8DC9-B33AF5D2F0F9} = {6A6E68CF-7B71-4928-9CB7-CB6670E270BC}
		{DC46918C-41AF-4A21-A0CB-40BECB8DEBB7} = {6A6E68CF-7B71-4928-9CB7-CB6670E270BC}
		{F0D647B3-65FE-425D-991C-F6122560192D} = {643580C1-70D9-4C95-833F-83C2A3CA4EA9}
		{5E152FBC-688E-43B7-A738-909D94F8A1B8} = {643580C1-70D9-4C95-833F-83C2A3CA4EA9}
		{5E771C9A-FB66-4D26-AF11-886395037760} = {643580C1-70D9-4C95-833F-83C2A3CA4EA9}
		{346A260C-058F-4753-A560-B64389D686B8} = {643580C1-70D9-4C95-833F-83C2A3CA4EA9}
		{70BA3607-A4DF-4992-89DC-70D3F8D2B311} = {9B4ADFAE-11C8-4BC4-BD0C-AE9281C073C1}
		{A2242761-B9A3-4CB3-A959-01D423C47AE5} = {9B4ADFAE-11C8-4BC4-BD0C-AE9281C073C1}
		{B59FA675-DE01-40EB-BF42-914E8A9D39FC} = {9B4ADFAE-11C8-4BC4-BD0C-AE9281C073C1}
		{E0087249-1673-4E62-84DF-6D4626514A9C} = {9B4ADFAE-11C8-4BC4-BD0C-AE9281C073C1}
		{7F11507F-A5CD-45FE-B62A-A0B363ECB303} = {2B921384-66D7-4D93-964A-E969820616AE}
		{287C6531-C442-4E3A-8309-041E2FF18D4E} = {2B921384-66D7-4D93-964A-E969820616AE}
	EndGlobalSection
EndGlobal
